
Microsoft Visual Studio Solution File, Format Version 12.00
# Visual Studio Version 17
VisualStudioVersion = 17.8.34330.188
MinimumVisualStudioVersion = 10.0.40219.1
Project("{FAE04EC0-301F-11D3-BF4B-00C04F79EFBC}") = "BankAccount", "BankAccount\BankAccount.csproj", "{684BFEBC-A2E9-43B3-B3F1-7540DFE5397D}"
EndProject
Global
	GlobalSection(SolutionConfigurationPlatforms) = preSolution
		Debug|Any CPU = Debug|Any CPU
		Release|Any CPU = Release|Any CPU
	EndGlobalSection
	GlobalSection(ProjectConfigurationPlatforms) = postSolution
		{684BFEBC-A2E9-43B3-B3F1-7540DFE5397D}.Debug|Any CPU.ActiveCfg = Debug|Any CPU
		{684BFEBC-A2E9-43B3-B3F1-7540DFE5397D}.Debug|Any CPU.Build.0 = Debug|Any CPU
		{684BFEBC-A2E9-43B3-B3F1-7540DFE5397D}.Release|Any CPU.ActiveCfg = Release|Any CPU
		{684BFEBC-A2E9-43B3-B3F1-7540DFE5397D}.Release|Any CPU.Build.0 = Release|Any CPU
	EndGlobalSection
	GlobalSection(SolutionProperties) = preSolution
		HideSolutionNode = FALSE
	EndGlobalSection
	GlobalSection(ExtensibilityGlobals) = postSolution
		SolutionGuid = {3999651F-9A3B-49CA-B88D-AB672AF7BD03}
	EndGlobalSection
EndGlobal
